// !$*UTF8*$!
{
	archiveVersion = 1;
	classes = {
	};
	objectVersion = 46;
	objects = {

/* Begin PBXBuildFile section */
		DD43404E19D70FEA00D968E6 /* OpenWeatherMapSDK.h in Headers */ = {isa = PBXBuildFile; fileRef = DD43404D19D70FEA00D968E6 /* OpenWeatherMapSDK.h */; settings = {ATTRIBUTES = (Public, ); }; };
		DD43405819D70FEA00D968E6 /* OpenWeatherMapSDKTests.swift in Sources */ = {isa = PBXBuildFile; fileRef = DD43405719D70FEA00D968E6 /* OpenWeatherMapSDKTests.swift */; };
		DD43406319D7102D00D968E6 /* OWMAPIConstants.swift in Sources */ = {isa = PBXBuildFile; fileRef = DD43406219D7102D00D968E6 /* OWMAPIConstants.swift */; };
		DD43406419D7102D00D968E6 /* OWMAPIConstants.swift in Sources */ = {isa = PBXBuildFile; fileRef = DD43406219D7102D00D968E6 /* OWMAPIConstants.swift */; };
		DD4340CA19D715B000D968E6 /* NSURLRequest+SearchExtensions.swift in Sources */ = {isa = PBXBuildFile; fileRef = DD4340C919D715B000D968E6 /* NSURLRequest+SearchExtensions.swift */; };
		DD4340CB19D715B000D968E6 /* NSURLRequest+SearchExtensions.swift in Sources */ = {isa = PBXBuildFile; fileRef = DD4340C919D715B000D968E6 /* NSURLRequest+SearchExtensions.swift */; };
		DD4340CD19D73F9900D968E6 /* OpenWeatherMapSDK.swift in Sources */ = {isa = PBXBuildFile; fileRef = DD4340CC19D73F9900D968E6 /* OpenWeatherMapSDK.swift */; };
		DD4340CE19D73F9900D968E6 /* OpenWeatherMapSDK.swift in Sources */ = {isa = PBXBuildFile; fileRef = DD4340CC19D73F9900D968E6 /* OpenWeatherMapSDK.swift */; };
		DD4340D219D775D500D968E6 /* Coordinate.swift in Sources */ = {isa = PBXBuildFile; fileRef = DD4340D119D775D500D968E6 /* Coordinate.swift */; };
		DD4340D319D775D500D968E6 /* Coordinate.swift in Sources */ = {isa = PBXBuildFile; fileRef = DD4340D119D775D500D968E6 /* Coordinate.swift */; };
		DD4340D519D7764000D968E6 /* Weather.swift in Sources */ = {isa = PBXBuildFile; fileRef = DD4340D419D7764000D968E6 /* Weather.swift */; };
		DD4340D619D7764000D968E6 /* Weather.swift in Sources */ = {isa = PBXBuildFile; fileRef = DD4340D419D7764000D968E6 /* Weather.swift */; };
		DD4340D819D7770F00D968E6 /* City.swift in Sources */ = {isa = PBXBuildFile; fileRef = DD4340D719D7770F00D968E6 /* City.swift */; };
		DD4340D919D7770F00D968E6 /* City.swift in Sources */ = {isa = PBXBuildFile; fileRef = DD4340D719D7770F00D968E6 /* City.swift */; };
		DD4340DB19D7779000D968E6 /* Wind.swift in Sources */ = {isa = PBXBuildFile; fileRef = DD4340DA19D7779000D968E6 /* Wind.swift */; };
		DD4340DC19D7779000D968E6 /* Wind.swift in Sources */ = {isa = PBXBuildFile; fileRef = DD4340DA19D7779000D968E6 /* Wind.swift */; };
		DD4340DE19D7789600D968E6 /* Environment.swift in Sources */ = {isa = PBXBuildFile; fileRef = DD4340DD19D7789600D968E6 /* Environment.swift */; };
		DD4340DF19D7789600D968E6 /* Environment.swift in Sources */ = {isa = PBXBuildFile; fileRef = DD4340DD19D7789600D968E6 /* Environment.swift */; };
		DD4340E119D81F5100D968E6 /* Wind+Parser.swift in Sources */ = {isa = PBXBuildFile; fileRef = DD4340E019D81F5100D968E6 /* Wind+Parser.swift */; };
		DD4340E219D81F5100D968E6 /* Wind+Parser.swift in Sources */ = {isa = PBXBuildFile; fileRef = DD4340E019D81F5100D968E6 /* Wind+Parser.swift */; };
/* End PBXBuildFile section */

/* Begin PBXFileReference section */
		DD43404819D70FEA00D968E6 /* OpenWeatherMapSDK.framework */ = {isa = PBXFileReference; explicitFileType = wrapper.framework; includeInIndex = 0; path = OpenWeatherMapSDK.framework; sourceTree = BUILT_PRODUCTS_DIR; };
		DD43404C19D70FEA00D968E6 /* Info.plist */ = {isa = PBXFileReference; lastKnownFileType = text.plist.xml; path = Info.plist; sourceTree = "<group>"; };
		DD43404D19D70FEA00D968E6 /* OpenWeatherMapSDK.h */ = {isa = PBXFileReference; lastKnownFileType = sourcecode.c.h; path = OpenWeatherMapSDK.h; sourceTree = "<group>"; };
		DD43405319D70FEA00D968E6 /* OpenWeatherMapSDKTests.xctest */ = {isa = PBXFileReference; explicitFileType = wrapper.cfbundle; includeInIndex = 0; path = OpenWeatherMapSDKTests.xctest; sourceTree = BUILT_PRODUCTS_DIR; };
		DD43405619D70FEA00D968E6 /* Info.plist */ = {isa = PBXFileReference; lastKnownFileType = text.plist.xml; path = Info.plist; sourceTree = "<group>"; };
		DD43405719D70FEA00D968E6 /* OpenWeatherMapSDKTests.swift */ = {isa = PBXFileReference; lastKnownFileType = sourcecode.swift; path = OpenWeatherMapSDKTests.swift; sourceTree = "<group>"; };
		DD43406219D7102D00D968E6 /* OWMAPIConstants.swift */ = {isa = PBXFileReference; fileEncoding = 4; lastKnownFileType = sourcecode.swift; path = OWMAPIConstants.swift; sourceTree = "<group>"; };
		DD4340C919D715B000D968E6 /* NSURLRequest+SearchExtensions.swift */ = {isa = PBXFileReference; fileEncoding = 4; lastKnownFileType = sourcecode.swift; path = "NSURLRequest+SearchExtensions.swift"; sourceTree = "<group>"; };
		DD4340CC19D73F9900D968E6 /* OpenWeatherMapSDK.swift */ = {isa = PBXFileReference; fileEncoding = 4; lastKnownFileType = sourcecode.swift; path = OpenWeatherMapSDK.swift; sourceTree = "<group>"; };
		DD4340D119D775D500D968E6 /* Coordinate.swift */ = {isa = PBXFileReference; fileEncoding = 4; lastKnownFileType = sourcecode.swift; path = Coordinate.swift; sourceTree = "<group>"; };
		DD4340D419D7764000D968E6 /* Weather.swift */ = {isa = PBXFileReference; fileEncoding = 4; lastKnownFileType = sourcecode.swift; path = Weather.swift; sourceTree = "<group>"; };
		DD4340D719D7770F00D968E6 /* City.swift */ = {isa = PBXFileReference; fileEncoding = 4; lastKnownFileType = sourcecode.swift; path = City.swift; sourceTree = "<group>"; };
		DD4340DA19D7779000D968E6 /* Wind.swift */ = {isa = PBXFileReference; fileEncoding = 4; lastKnownFileType = sourcecode.swift; path = Wind.swift; sourceTree = "<group>"; };
		DD4340DD19D7789600D968E6 /* Environment.swift */ = {isa = PBXFileReference; fileEncoding = 4; lastKnownFileType = sourcecode.swift; path = Environment.swift; sourceTree = "<group>"; };
		DD4340E019D81F5100D968E6 /* Wind+Parser.swift */ = {isa = PBXFileReference; fileEncoding = 4; lastKnownFileType = sourcecode.swift; path = "Wind+Parser.swift"; sourceTree = "<group>"; };
/* End PBXFileReference section */

/* Begin PBXFrameworksBuildPhase section */
		DD43404419D70FE900D968E6 /* Frameworks */ = {
			isa = PBXFrameworksBuildPhase;
			buildActionMask = 2147483647;
			files = (
			);
			runOnlyForDeploymentPostprocessing = 0;
		};
		DD43405019D70FEA00D968E6 /* Frameworks */ = {
			isa = PBXFrameworksBuildPhase;
			buildActionMask = 2147483647;
			files = (
			);
			runOnlyForDeploymentPostprocessing = 0;
		};
/* End PBXFrameworksBuildPhase section */

/* Begin PBXGroup section */
		DD43403E19D70FE900D968E6 = {
			isa = PBXGroup;
			children = (
				DD43404A19D70FEA00D968E6 /* OpenWeatherMapSDK */,
				DD43405419D70FEA00D968E6 /* OpenWeatherMapSDKTests */,
				DD43404919D70FEA00D968E6 /* Products */,
			);
			sourceTree = "<group>";
		};
		DD43404919D70FEA00D968E6 /* Products */ = {
			isa = PBXGroup;
			children = (
				DD43404819D70FEA00D968E6 /* OpenWeatherMapSDK.framework */,
				DD43405319D70FEA00D968E6 /* OpenWeatherMapSDKTests.xctest */,
			);
			name = Products;
			sourceTree = "<group>";
		};
		DD43404A19D70FEA00D968E6 /* OpenWeatherMapSDK */ = {
			isa = PBXGroup;
			children = (
				DD43406119D7101700D968E6 /* API */,
				DD43404D19D70FEA00D968E6 /* OpenWeatherMapSDK.h */,
				DD43404B19D70FEA00D968E6 /* Supporting Files */,
			);
			path = OpenWeatherMapSDK;
			sourceTree = "<group>";
		};
		DD43404B19D70FEA00D968E6 /* Supporting Files */ = {
			isa = PBXGroup;
			children = (
				DD43404C19D70FEA00D968E6 /* Info.plist */,
			);
			name = "Supporting Files";
			sourceTree = "<group>";
		};
		DD43405419D70FEA00D968E6 /* OpenWeatherMapSDKTests */ = {
			isa = PBXGroup;
			children = (
				DD43405719D70FEA00D968E6 /* OpenWeatherMapSDKTests.swift */,
				DD43405519D70FEA00D968E6 /* Supporting Files */,
			);
			path = OpenWeatherMapSDKTests;
			sourceTree = "<group>";
		};
		DD43405519D70FEA00D968E6 /* Supporting Files */ = {
			isa = PBXGroup;
			children = (
				DD43405619D70FEA00D968E6 /* Info.plist */,
			);
			name = "Supporting Files";
			sourceTree = "<group>";
		};
		DD43406119D7101700D968E6 /* API */ = {
			isa = PBXGroup;
			children = (
				DD4340C419D7140900D968E6 /* Models */,
				DD4340C819D7145E00D968E6 /* Requests */,
				DD43406219D7102D00D968E6 /* OWMAPIConstants.swift */,
				DD4340CC19D73F9900D968E6 /* OpenWeatherMapSDK.swift */,
			);
			path = API;
			sourceTree = "<group>";
		};
		DD4340C419D7140900D968E6 /* Models */ = {
			isa = PBXGroup;
			children = (
				DD4340D119D775D500D968E6 /* Coordinate.swift */,
				DD4340D419D7764000D968E6 /* Weather.swift */,
				DD4340D719D7770F00D968E6 /* City.swift */,
				DD4340DA19D7779000D968E6 /* Wind.swift */,
				DD4340E019D81F5100D968E6 /* Wind+Parser.swift */,
				DD4340DD19D7789600D968E6 /* Environment.swift */,
			);
			path = Models;
			sourceTree = "<group>";
		};
		DD4340C819D7145E00D968E6 /* Requests */ = {
			isa = PBXGroup;
			children = (
				DD4340C919D715B000D968E6 /* NSURLRequest+SearchExtensions.swift */,
			);
			path = Requests;
			sourceTree = "<group>";
		};
/* End PBXGroup section */

/* Begin PBXHeadersBuildPhase section */
		DD43404519D70FE900D968E6 /* Headers */ = {
			isa = PBXHeadersBuildPhase;
			buildActionMask = 2147483647;
			files = (
				DD43404E19D70FEA00D968E6 /* OpenWeatherMapSDK.h in Headers */,
			);
			runOnlyForDeploymentPostprocessing = 0;
		};
/* End PBXHeadersBuildPhase section */

/* Begin PBXNativeTarget section */
		DD43404719D70FE900D968E6 /* OpenWeatherMapSDK */ = {
			isa = PBXNativeTarget;
			buildConfigurationList = DD43405B19D70FEA00D968E6 /* Build configuration list for PBXNativeTarget "OpenWeatherMapSDK" */;
			buildPhases = (
				DD43404319D70FE900D968E6 /* Sources */,
				DD43404419D70FE900D968E6 /* Frameworks */,
				DD43404519D70FE900D968E6 /* Headers */,
				DD43404619D70FE900D968E6 /* Resources */,
			);
			buildRules = (
			);
			dependencies = (
			);
			name = OpenWeatherMapSDK;
			productName = OpenWeatherMapSDK;
			productReference = DD43404819D70FEA00D968E6 /* OpenWeatherMapSDK.framework */;
			productType = "com.apple.product-type.framework";
		};
		DD43405219D70FEA00D968E6 /* OpenWeatherMapSDKTests */ = {
			isa = PBXNativeTarget;
			buildConfigurationList = DD43405E19D70FEA00D968E6 /* Build configuration list for PBXNativeTarget "OpenWeatherMapSDKTests" */;
			buildPhases = (
				DD43404F19D70FEA00D968E6 /* Sources */,
				DD43405019D70FEA00D968E6 /* Frameworks */,
				DD43405119D70FEA00D968E6 /* Resources */,
			);
			buildRules = (
			);
			dependencies = (
			);
			name = OpenWeatherMapSDKTests;
			productName = OpenWeatherMapSDKTests;
			productReference = DD43405319D70FEA00D968E6 /* OpenWeatherMapSDKTests.xctest */;
			productType = "com.apple.product-type.bundle.unit-test";
		};
/* End PBXNativeTarget section */

/* Begin PBXProject section */
		DD43403F19D70FE900D968E6 /* Project object */ = {
			isa = PBXProject;
			attributes = {
				LastUpgradeCheck = 0600;
				ORGANIZATIONNAME = "Carlos Santos";
				TargetAttributes = {
					DD43404719D70FE900D968E6 = {
						CreatedOnToolsVersion = 6.0.1;
					};
					DD43405219D70FEA00D968E6 = {
						CreatedOnToolsVersion = 6.0.1;
					};
				};
			};
			buildConfigurationList = DD43404219D70FE900D968E6 /* Build configuration list for PBXProject "OpenWeatherMapSDK" */;
			compatibilityVersion = "Xcode 3.2";
			developmentRegion = English;
			hasScannedForEncodings = 0;
			knownRegions = (
				en,
			);
			mainGroup = DD43403E19D70FE900D968E6;
			productRefGroup = DD43404919D70FEA00D968E6 /* Products */;
			projectDirPath = "";
			projectRoot = "";
			targets = (
				DD43404719D70FE900D968E6 /* OpenWeatherMapSDK */,
				DD43405219D70FEA00D968E6 /* OpenWeatherMapSDKTests */,
			);
		};
/* End PBXProject section */

/* Begin PBXResourcesBuildPhase section */
		DD43404619D70FE900D968E6 /* Resources */ = {
			isa = PBXResourcesBuildPhase;
			buildActionMask = 2147483647;
			files = (
			);
			runOnlyForDeploymentPostprocessing = 0;
		};
		DD43405119D70FEA00D968E6 /* Resources */ = {
			isa = PBXResourcesBuildPhase;
			buildActionMask = 2147483647;
			files = (
			);
			runOnlyForDeploymentPostprocessing = 0;
		};
/* End PBXResourcesBuildPhase section */

/* Begin PBXSourcesBuildPhase section */
		DD43404319D70FE900D968E6 /* Sources */ = {
			isa = PBXSourcesBuildPhase;
			buildActionMask = 2147483647;
			files = (
				DD4340CD19D73F9900D968E6 /* OpenWeatherMapSDK.swift in Sources */,
				DD4340DE19D7789600D968E6 /* Environment.swift in Sources */,
				DD43406319D7102D00D968E6 /* OWMAPIConstants.swift in Sources */,
				DD4340DB19D7779000D968E6 /* Wind.swift in Sources */,
				DD4340D819D7770F00D968E6 /* City.swift in Sources */,
				DD4340CA19D715B000D968E6 /* NSURLRequest+SearchExtensions.swift in Sources */,
				DD4340D219D775D500D968E6 /* Coordinate.swift in Sources */,
				DD4340E119D81F5100D968E6 /* Wind+Parser.swift in Sources */,
				DD4340D519D7764000D968E6 /* Weather.swift in Sources */,
			);
			runOnlyForDeploymentPostprocessing = 0;
		};
		DD43404F19D70FEA00D968E6 /* Sources */ = {
			isa = PBXSourcesBuildPhase;
			buildActionMask = 2147483647;
			files = (
				DD43406419D7102D00D968E6 /* OWMAPIConstants.swift in Sources */,
				DD43405819D70FEA00D968E6 /* OpenWeatherMapSDKTests.swift in Sources */,
				DD4340CE19D73F9900D968E6 /* OpenWeatherMapSDK.swift in Sources */,
				DD4340CB19D715B000D968E6 /* NSURLRequest+SearchExtensions.swift in Sources */,
				DD4340DF19D7789600D968E6 /* Environment.swift in Sources */,
				DD4340D619D7764000D968E6 /* Weather.swift in Sources */,
				DD4340E219D81F5100D968E6 /* Wind+Parser.swift in Sources */,
				DD4340D319D775D500D968E6 /* Coordinate.swift in Sources */,
				DD4340D919D7770F00D968E6 /* City.swift in Sources */,
				DD4340DC19D7779000D968E6 /* Wind.swift in Sources */,
			);
			runOnlyForDeploymentPostprocessing = 0;
		};
/* End PBXSourcesBuildPhase section */

/* Begin XCBuildConfiguration section */
		DD43405919D70FEA00D968E6 /* Debug */ = {
			isa = XCBuildConfiguration;
			buildSettings = {
				ALWAYS_SEARCH_USER_PATHS = NO;
				CLANG_CXX_LANGUAGE_STANDARD = "gnu++0x";
				CLANG_CXX_LIBRARY = "libc++";
				CLANG_ENABLE_MODULES = YES;
				CLANG_ENABLE_OBJC_ARC = YES;
				CLANG_WARN_BOOL_CONVERSION = YES;
				CLANG_WARN_CONSTANT_CONVERSION = YES;
				CLANG_WARN_DIRECT_OBJC_ISA_USAGE = YES_ERROR;
				CLANG_WARN_EMPTY_BODY = YES;
				CLANG_WARN_ENUM_CONVERSION = YES;
				CLANG_WARN_INT_CONVERSION = YES;
				CLANG_WARN_OBJC_ROOT_CLASS = YES_ERROR;
				CLANG_WARN_UNREACHABLE_CODE = YES;
				CLANG_WARN__DUPLICATE_METHOD_MATCH = YES;
				"CODE_SIGN_IDENTITY[sdk=iphoneos*]" = "iPhone Developer";
				COPY_PHASE_STRIP = NO;
				CURRENT_PROJECT_VERSION = 1;
				ENABLE_STRICT_OBJC_MSGSEND = YES;
				GCC_C_LANGUAGE_STANDARD = gnu99;
				GCC_DYNAMIC_NO_PIC = NO;
				GCC_OPTIMIZATION_LEVEL = 0;
				GCC_PREPROCESSOR_DEFINITIONS = (
					"DEBUG=1",
					"$(inherited)",
				);
				GCC_SYMBOLS_PRIVATE_EXTERN = NO;
				GCC_WARN_64_TO_32_BIT_CONVERSION = YES;
				GCC_WARN_ABOUT_RETURN_TYPE = YES_ERROR;
				GCC_WARN_UNDECLARED_SELECTOR = YES;
				GCC_WARN_UNINITIALIZED_AUTOS = YES_AGGRESSIVE;
				GCC_WARN_UNUSED_FUNCTION = YES;
				GCC_WARN_UNUSED_VARIABLE = YES;
				IPHONEOS_DEPLOYMENT_TARGET = 8.0;
				MTL_ENABLE_DEBUG_INFO = YES;
				ONLY_ACTIVE_ARCH = YES;
				SDKROOT = iphoneos;
				SWIFT_OPTIMIZATION_LEVEL = "-Onone";
				TARGETED_DEVICE_FAMILY = "1,2";
				VERSIONING_SYSTEM = "apple-generic";
				VERSION_INFO_PREFIX = "";
			};
			name = Debug;
		};
		DD43405A19D70FEA00D968E6 /* Release */ = {
			isa = XCBuildConfiguration;
			buildSettings = {
				ALWAYS_SEARCH_USER_PATHS = NO;
				CLANG_CXX_LANGUAGE_STANDARD = "gnu++0x";
				CLANG_CXX_LIBRARY = "libc++";
				CLANG_ENABLE_MODULES = YES;
				CLANG_ENABLE_OBJC_ARC = YES;
				CLANG_WARN_BOOL_CONVERSION = YES;
				CLANG_WARN_CONSTANT_CONVERSION = YES;
				CLANG_WARN_DIRECT_OBJC_ISA_USAGE = YES_ERROR;
				CLANG_WARN_EMPTY_BODY = YES;
				CLANG_WARN_ENUM_CONVERSION = YES;
				CLANG_WARN_INT_CONVERSION = YES;
				CLANG_WARN_OBJC_ROOT_CLASS = YES_ERROR;
				CLANG_WARN_UNREACHABLE_CODE = YES;
				CLANG_WARN__DUPLICATE_METHOD_MATCH = YES;
				"CODE_SIGN_IDENTITY[sdk=iphoneos*]" = "iPhone Developer";
				COPY_PHASE_STRIP = YES;
				CURRENT_PROJECT_VERSION = 1;
				ENABLE_NS_ASSERTIONS = NO;
				ENABLE_STRICT_OBJC_MSGSEND = YES;
				GCC_C_LANGUAGE_STANDARD = gnu99;
				GCC_WARN_64_TO_32_BIT_CONVERSION = YES;
				GCC_WARN_ABOUT_RETURN_TYPE = YES_ERROR;
				GCC_WARN_UNDECLARED_SELECTOR = YES;
				GCC_WARN_UNINITIALIZED_AUTOS = YES_AGGRESSIVE;
				GCC_WARN_UNUSED_FUNCTION = YES;
				GCC_WARN_UNUSED_VARIABLE = YES;
				IPHONEOS_DEPLOYMENT_TARGET = 8.0;
				MTL_ENABLE_DEBUG_INFO = NO;
				SDKROOT = iphoneos;
				TARGETED_DEVICE_FAMILY = "1,2";
				VALIDATE_PRODUCT = YES;
				VERSIONING_SYSTEM = "apple-generic";
				VERSION_INFO_PREFIX = "";
			};
			name = Release;
		};
		DD43405C19D70FEA00D968E6 /* Debug */ = {
			isa = XCBuildConfiguration;
			buildSettings = {
				CLANG_ENABLE_MODULES = YES;
				DEFINES_MODULE = YES;
				DYLIB_COMPATIBILITY_VERSION = 1;
				DYLIB_CURRENT_VERSION = 1;
				DYLIB_INSTALL_NAME_BASE = "@rpath";
				INFOPLIST_FILE = OpenWeatherMapSDK/Info.plist;
				INSTALL_PATH = "$(LOCAL_LIBRARY_DIR)/Frameworks";
				LD_RUNPATH_SEARCH_PATHS = "$(inherited) @executable_path/Frameworks @loader_path/Frameworks";
				PRODUCT_NAME = "$(TARGET_NAME)";
				SKIP_INSTALL = YES;
				SWIFT_OPTIMIZATION_LEVEL = "-Onone";
			};
			name = Debug;
		};
		DD43405D19D70FEA00D968E6 /* Release */ = {
			isa = XCBuildConfiguration;
			buildSettings = {
				CLANG_ENABLE_MODULES = YES;
				DEFINES_MODULE = YES;
				DYLIB_COMPATIBILITY_VERSION = 1;
				DYLIB_CURRENT_VERSION = 1;
				DYLIB_INSTALL_NAME_BASE = "@rpath";
				INFOPLIST_FILE = OpenWeatherMapSDK/Info.plist;
				INSTALL_PATH = "$(LOCAL_LIBRARY_DIR)/Frameworks";
				LD_RUNPATH_SEARCH_PATHS = "$(inherited) @executable_path/Frameworks @loader_path/Frameworks";
				PRODUCT_NAME = "$(TARGET_NAME)";
				SKIP_INSTALL = YES;
			};
			name = Release;
		};
		DD43405F19D70FEA00D968E6 /* Debug */ = {
			isa = XCBuildConfiguration;
			buildSettings = {
				FRAMEWORK_SEARCH_PATHS = (
					"$(SDKROOT)/Developer/Library/Frameworks",
					"$(inherited)",
				);
				GCC_PREPROCESSOR_DEFINITIONS = (
					"DEBUG=1",
					"$(inherited)",
				);
				INFOPLIST_FILE = OpenWeatherMapSDKTests/Info.plist;
				LD_RUNPATH_SEARCH_PATHS = "$(inherited) @executable_path/Frameworks @loader_path/Frameworks";
				PRODUCT_NAME = "$(TARGET_NAME)";
			};
			name = Debug;
		};
		DD43406019D70FEA00D968E6 /* Release */ = {
			isa = XCBuildConfiguration;
			buildSettings = {
				FRAMEWORK_SEARCH_PATHS = (
					"$(SDKROOT)/Developer/Library/Frameworks",
					"$(inherited)",
				);
				INFOPLIST_FILE = OpenWeatherMapSDKTests/Info.plist;
				LD_RUNPATH_SEARCH_PATHS = "$(inherited) @executable_path/Frameworks @loader_path/Frameworks";
				PRODUCT_NAME = "$(TARGET_NAME)";
			};
			name = Release;
		};
/* End XCBuildConfiguration section */

/* Begin XCConfigurationList section */
		DD43404219D70FE900D968E6 /* Build configuration list for PBXProject "OpenWeatherMapSDK" */ = {
			isa = XCConfigurationList;
			buildConfigurations = (
				DD43405919D70FEA00D968E6 /* Debug */,
				DD43405A19D70FEA00D968E6 /* Release */,
			);
			defaultConfigurationIsVisible = 0;
			defaultConfigurationName = Release;
		};
		DD43405B19D70FEA00D968E6 /* Build configuration list for PBXNativeTarget "OpenWeatherMapSDK" */ = {
			isa = XCConfigurationList;
			buildConfigurations = (
				DD43405C19D70FEA00D968E6 /* Debug */,
				DD43405D19D70FEA00D968E6 /* Release */,
			);
			defaultConfigurationIsVisible = 0;
			defaultConfigurationName = Release;
		};
		DD43405E19D70FEA00D968E6 /* Build configuration list for PBXNativeTarget "OpenWeatherMapSDKTests" */ = {
			isa = XCConfigurationList;
			buildConfigurations = (
				DD43405F19D70FEA00D968E6 /* Debug */,
				DD43406019D70FEA00D968E6 /* Release */,
			);
			defaultConfigurationIsVisible = 0;
			defaultConfigurationName = Release;
		};
/* End XCConfigurationList section */
	};
	rootObject = DD43403F19D70FE900D968E6 /* Project object */;
}
